// !$*UTF8*$!
{
	archiveVersion = 1;
	classes = {
	};
	objectVersion = 55;
	objects = {

/* Begin PBXBuildFile section */
		6D9A69B02818137B00B4DE8A /* AppDelegate.swift in Sources */ = {isa = PBXBuildFile; fileRef = 6D9A69AF2818137B00B4DE8A /* AppDelegate.swift */; };
		6D9A69B22818137B00B4DE8A /* SceneDelegate.swift in Sources */ = {isa = PBXBuildFile; fileRef = 6D9A69B12818137B00B4DE8A /* SceneDelegate.swift */; };
		6D9A69B42818137B00B4DE8A /* ViewController.swift in Sources */ = {isa = PBXBuildFile; fileRef = 6D9A69B32818137B00B4DE8A /* ViewController.swift */; };
		6D9A69B72818137B00B4DE8A /* Main.storyboard in Resources */ = {isa = PBXBuildFile; fileRef = 6D9A69B52818137B00B4DE8A /* Main.storyboard */; };
		6D9A69B92818138500B4DE8A /* Assets.xcassets in Resources */ = {isa = PBXBuildFile; fileRef = 6D9A69B82818138500B4DE8A /* Assets.xcassets */; };
		6D9A69BC2818138500B4DE8A /* LaunchScreen.storyboard in Resources */ = {isa = PBXBuildFile; fileRef = 6D9A69BA2818138500B4DE8A /* LaunchScreen.storyboard */; };
		6D9A69C4281827A900B4DE8A /* Model.swift in Sources */ = {isa = PBXBuildFile; fileRef = 6D9A69C3281827A800B4DE8A /* Model.swift */; };
		6D9A69C92818384700B4DE8A /* ImageCollectionViewCell.swift in Sources */ = {isa = PBXBuildFile; fileRef = 6D9A69C82818384600B4DE8A /* ImageCollectionViewCell.swift */; };
/* End PBXBuildFile section */

/* Begin PBXFileReference section */
		6D9A69AC2818137B00B4DE8A /* Photo Seach.app */ = {isa = PBXFileReference; explicitFileType = wrapper.application; includeInIndex = 0; path = "Photo Seach.app"; sourceTree = BUILT_PRODUCTS_DIR; };
		6D9A69AF2818137B00B4DE8A /* AppDelegate.swift */ = {isa = PBXFileReference; lastKnownFileType = sourcecode.swift; path = AppDelegate.swift; sourceTree = "<group>"; };
		6D9A69B12818137B00B4DE8A /* SceneDelegate.swift */ = {isa = PBXFileReference; lastKnownFileType = sourcecode.swift; path = SceneDelegate.swift; sourceTree = "<group>"; };
		6D9A69B32818137B00B4DE8A /* ViewController.swift */ = {isa = PBXFileReference; lastKnownFileType = sourcecode.swift; path = ViewController.swift; sourceTree = "<group>"; };
		6D9A69B62818137B00B4DE8A /* Base */ = {isa = PBXFileReference; lastKnownFileType = file.storyboard; name = Base; path = Base.lproj/Main.storyboard; sourceTree = "<group>"; };
		6D9A69B82818138500B4DE8A /* Assets.xcassets */ = {isa = PBXFileReference; lastKnownFileType = folder.assetcatalog; path = Assets.xcassets; sourceTree = "<group>"; };
		6D9A69BB2818138500B4DE8A /* Base */ = {isa = PBXFileReference; lastKnownFileType = file.storyboard; name = Base; path = Base.lproj/LaunchScreen.storyboard; sourceTree = "<group>"; };
		6D9A69BD2818138500B4DE8A /* Info.plist */ = {isa = PBXFileReference; lastKnownFileType = text.plist.xml; path = Info.plist; sourceTree = "<group>"; };
		6D9A69C3281827A800B4DE8A /* Model.swift */ = {isa = PBXFileReference; lastKnownFileType = sourcecode.swift; path = Model.swift; sourceTree = "<group>"; };
		6D9A69C82818384600B4DE8A /* ImageCollectionViewCell.swift */ = {isa = PBXFileReference; lastKnownFileType = sourcecode.swift; path = ImageCollectionViewCell.swift; sourceTree = "<group>"; };
/* End PBXFileReference section */

/* Begin PBXFrameworksBuildPhase section */
		6D9A69A92818137B00B4DE8A /* Frameworks */ = {
			isa = PBXFrameworksBuildPhase;
			buildActionMask = 2147483647;
			files = (
			);
			runOnlyForDeploymentPostprocessing = 0;
		};
/* End PBXFrameworksBuildPhase section */

/* Begin PBXGroup section */
		6D9A69A32818137A00B4DE8A = {
			isa = PBXGroup;
			children = (
				6D9A69AE2818137B00B4DE8A /* Photo Seach */,
				6D9A69AD2818137B00B4DE8A /* Products */,
			);
			sourceTree = "<group>";
		};
		6D9A69AD2818137B00B4DE8A /* Products */ = {
			isa = PBXGroup;
			children = (
				6D9A69AC2818137B00B4DE8A /* Photo Seach.app */,
			);
			name = Products;
			sourceTree = "<group>";
		};
		6D9A69AE2818137B00B4DE8A /* Photo Seach */ = {
			isa = PBXGroup;
			children = (
				6D9A69C728182E3700B4DE8A /* Model */,
				6D9A69C628182E2C00B4DE8A /* View */,
				6D9A69C528182E2300B4DE8A /* Controller */,
				6DA36AEC284FD73A006D2D80 /* Others */,
				6D9A69BD2818138500B4DE8A /* Info.plist */,
			);
			path = "Photo Seach";
			sourceTree = "<group>";
		};
		6D9A69C528182E2300B4DE8A /* Controller */ = {
			isa = PBXGroup;
			children = (
				6D9A69B32818137B00B4DE8A /* ViewController.swift */,
			);
			path = Controller;
			sourceTree = "<group>";
		};
		6D9A69C628182E2C00B4DE8A /* View */ = {
			isa = PBXGroup;
			children = (
				6D9A69B52818137B00B4DE8A /* Main.storyboard */,
				6D9A69BA2818138500B4DE8A /* LaunchScreen.storyboard */,
				6D9A69C82818384600B4DE8A /* ImageCollectionViewCell.swift */,
			);
			path = View;
			sourceTree = "<group>";
		};
		6D9A69C728182E3700B4DE8A /* Model */ = {
			isa = PBXGroup;
			children = (
				6D9A69C3281827A800B4DE8A /* Model.swift */,
			);
			path = Model;
			sourceTree = "<group>";
		};
		6DA36AEC284FD73A006D2D80 /* Others */ = {
			isa = PBXGroup;
			children = (
				6D9A69AF2818137B00B4DE8A /* AppDelegate.swift */,
				6D9A69B12818137B00B4DE8A /* SceneDelegate.swift */,
				6D9A69B82818138500B4DE8A /* Assets.xcassets */,
			);
			path = Others;
			sourceTree = "<group>";
		};
/* End PBXGroup section */

/* Begin PBXNativeTarget section */
		6D9A69AB2818137B00B4DE8A /* Photo Seach */ = {
			isa = PBXNativeTarget;
			buildConfigurationList = 6D9A69C02818138600B4DE8A /* Build configuration list for PBXNativeTarget "Photo Seach" */;
			buildPhases = (
				6D9A69A82818137B00B4DE8A /* Sources */,
				6D9A69A92818137B00B4DE8A /* Frameworks */,
				6D9A69AA2818137B00B4DE8A /* Resources */,
			);
			buildRules = (
			);
			dependencies = (
			);
			name = "Photo Seach";
			productName = "Photo Seach";
			productReference = 6D9A69AC2818137B00B4DE8A /* Photo Seach.app */;
			productType = "com.apple.product-type.application";
		};
/* End PBXNativeTarget section */

/* Begin PBXProject section */
		6D9A69A42818137B00B4DE8A /* Project object */ = {
			isa = PBXProject;
			attributes = {
				BuildIndependentTargetsInParallel = 1;
				LastSwiftUpdateCheck = 1300;
				LastUpgradeCheck = 1300;
				TargetAttributes = {
					6D9A69AB2818137B00B4DE8A = {
						CreatedOnToolsVersion = 13.0;
					};
				};
			};
			buildConfigurationList = 6D9A69A72818137B00B4DE8A /* Build configuration list for PBXProject "Photo Seach" */;
			compatibilityVersion = "Xcode 13.0";
			developmentRegion = en;
			hasScannedForEncodings = 0;
			knownRegions = (
				en,
				Base,
			);
			mainGroup = 6D9A69A32818137A00B4DE8A;
			productRefGroup = 6D9A69AD2818137B00B4DE8A /* Products */;
			projectDirPath = "";
			projectRoot = "";
			targets = (
				6D9A69AB2818137B00B4DE8A /* Photo Seach */,
			);
		};
/* End PBXProject section */

/* Begin PBXResourcesBuildPhase section */
		6D9A69AA2818137B00B4DE8A /* Resources */ = {
			isa = PBXResourcesBuildPhase;
			buildActionMask = 2147483647;
			files = (
				6D9A69BC2818138500B4DE8A /* LaunchScreen.storyboard in Resources */,
				6D9A69B92818138500B4DE8A /* Assets.xcassets in Resources */,
				6D9A69B72818137B00B4DE8A /* Main.storyboard in Resources */,
			);
			runOnlyForDeploymentPostprocessing = 0;
		};
/* End PBXResourcesBuildPhase section */

/* Begin PBXSourcesBuildPhase section */
		6D9A69A82818137B00B4DE8A /* Sources */ = {
			isa = PBXSourcesBuildPhase;
			buildActionMask = 2147483647;
			files = (
				6D9A69B42818137B00B4DE8A /* ViewController.swift in Sources */,
				6D9A69C92818384700B4DE8A /* ImageCollectionViewCell.swift in Sources */,
				6D9A69B02818137B00B4DE8A /* AppDelegate.swift in Sources */,
				6D9A69B22818137B00B4DE8A /* SceneDelegate.swift in Sources */,
				6D9A69C4281827A900B4DE8A /* Model.swift in Sources */,
			);
			runOnlyForDeploymentPostprocessing = 0;
		};
/* End PBXSourcesBuildPhase section */

/* Begin PBXVariantGroup section */
		6D9A69B52818137B00B4DE8A /* Main.storyboard */ = {
			isa = PBXVariantGroup;
			children = (
				6D9A69B62818137B00B4DE8A /* Base */,
			);
			name = Main.storyboard;
			sourceTree = "<group>";
		};
		6D9A69BA2818138500B4DE8A /* LaunchScreen.storyboard */ = {
			isa = PBXVariantGroup;
			children = (
				6D9A69BB2818138500B4DE8A /* Base */,
			);
			name = LaunchScreen.storyboard;
			sourceTree = "<group>";
		};
/* End PBXVariantGroup section */

/* Begin XCBuildConfiguration section */
		6D9A69BE2818138600B4DE8A /* Debug */ = {
			isa = XCBuildConfiguration;
			buildSettings = {
				ALWAYS_SEARCH_USER_PATHS = NO;
				CLANG_ANALYZER_NONNULL = YES;
				CLANG_ANALYZER_NUMBER_OBJECT_CONVERSION = YES_AGGRESSIVE;
				CLANG_CXX_LANGUAGE_STANDARD = "gnu++17";
				CLANG_CXX_LIBRARY = "libc++";
				CLANG_ENABLE_MODULES = YES;
				CLANG_ENABLE_OBJC_ARC = YES;
				CLANG_ENABLE_OBJC_WEAK = YES;
				CLANG_WARN_BLOCK_CAPTURE_AUTORELEASING = YES;
				CLANG_WARN_BOOL_CONVERSION = YES;
				CLANG_WARN_COMMA = YES;
				CLANG_WARN_CONSTANT_CONVERSION = YES;
				CLANG_WARN_DEPRECATED_OBJC_IMPLEMENTATIONS = YES;
				CLANG_WARN_DIRECT_OBJC_ISA_USAGE = YES_ERROR;
				CLANG_WARN_DOCUMENTATION_COMMENTS = YES;
				CLANG_WARN_EMPTY_BODY = YES;
				CLANG_WARN_ENUM_CONVERSION = YES;
				CLANG_WARN_INFINITE_RECURSION = YES;
				CLANG_WARN_INT_CONVERSION = YES;
				CLANG_WARN_NON_LITERAL_NULL_CONVERSION = YES;
				CLANG_WARN_OBJC_IMPLICIT_RETAIN_SELF = YES;
				CLANG_WARN_OBJC_LITERAL_CONVERSION = YES;
				CLANG_WARN_OBJC_ROOT_CLASS = YES_ERROR;
				CLANG_WARN_QUOTED_INCLUDE_IN_FRAMEWORK_HEADER = YES;
				CLANG_WARN_RANGE_LOOP_ANALYSIS = YES;
				CLANG_WARN_STRICT_PROTOTYPES = YES;
				CLANG_WARN_SUSPICIOUS_MOVE = YES;
				CLANG_WARN_UNGUARDED_AVAILABILITY = YES_AGGRESSIVE;
				CLANG_WARN_UNREACHABLE_CODE = YES;
				CLANG_WARN__DUPLICATE_METHOD_MATCH = YES;
				COPY_PHASE_STRIP = NO;
				DEBUG_INFORMATION_FORMAT = dwarf;
				ENABLE_STRICT_OBJC_MSGSEND = YES;
				ENABLE_TESTABILITY = YES;
				GCC_C_LANGUAGE_STANDARD = gnu11;
				GCC_DYNAMIC_NO_PIC = NO;
				GCC_NO_COMMON_BLOCKS = YES;
				GCC_OPTIMIZATION_LEVEL = 0;
				GCC_PREPROCESSOR_DEFINITIONS = (
					"DEBUG=1",
					"$(inherited)",
				);
				GCC_WARN_64_TO_32_BIT_CONVERSION = YES;
				GCC_WARN_ABOUT_RETURN_TYPE = YES_ERROR;
				GCC_WARN_UNDECLARED_SELECTOR = YES;
				GCC_WARN_UNINITIALIZED_AUTOS = YES_AGGRESSIVE;
				GCC_WARN_UNUSED_FUNCTION = YES;
				GCC_WARN_UNUSED_VARIABLE = YES;
				IPHONEOS_DEPLOYMENT_TARGET = 15.0;
				MTL_ENABLE_DEBUG_INFO = INCLUDE_SOURCE;
				MTL_FAST_MATH = YES;
				ONLY_ACTIVE_ARCH = YES;
				SDKROOT = iphoneos;
				SWIFT_ACTIVE_COMPILATION_CONDITIONS = DEBUG;
				SWIFT_OPTIMIZATION_LEVEL = "-Onone";
			};
			name = Debug;
		};
		6D9A69BF2818138600B4DE8A /* Release */ = {
			isa = XCBuildConfiguration;
			buildSettings = {
				ALWAYS_SEARCH_USER_PATHS = NO;
				CLANG_ANALYZER_NONNULL = YES;
				CLANG_ANALYZER_NUMBER_OBJECT_CONVERSION = YES_AGGRESSIVE;
				CLANG_CXX_LANGUAGE_STANDARD = "gnu++17";
				CLANG_CXX_LIBRARY = "libc++";
				CLANG_ENABLE_MODULES = YES;
				CLANG_ENABLE_OBJC_ARC = YES;
				CLANG_ENABLE_OBJC_WEAK = YES;
				CLANG_WARN_BLOCK_CAPTURE_AUTORELEASING = YES;
				CLANG_WARN_BOOL_CONVERSION = YES;
				CLANG_WARN_COMMA = YES;
				CLANG_WARN_CONSTANT_CONVERSION = YES;
				CLANG_WARN_DEPRECATED_OBJC_IMPLEMENTATIONS = YES;
				CLANG_WARN_DIRECT_OBJC_ISA_USAGE = YES_ERROR;
				CLANG_WARN_DOCUMENTATION_COMMENTS = YES;
				CLANG_WARN_EMPTY_BODY = YES;
				CLANG_WARN_ENUM_CONVERSION = YES;
				CLANG_WARN_INFINITE_RECURSION = YES;
				CLANG_WARN_INT_CONVERSION = YES;
				CLANG_WARN_NON_LITERAL_NULL_CONVERSION = YES;
				CLANG_WARN_OBJC_IMPLICIT_RETAIN_SELF = YES;
				CLANG_WARN_OBJC_LITERAL_CONVERSION = YES;
				CLANG_WARN_OBJC_ROOT_CLASS = YES_ERROR;
				CLANG_WARN_QUOTED_INCLUDE_IN_FRAMEWORK_HEADER = YES;
				CLANG_WARN_RANGE_LOOP_ANALYSIS = YES;
				CLANG_WARN_STRICT_PROTOTYPES = YES;
				CLANG_WARN_SUSPICIOUS_MOVE = YES;
				CLANG_WARN_UNGUARDED_AVAILABILITY = YES_AGGRESSIVE;
				CLANG_WARN_UNREACHABLE_CODE = YES;
				CLANG_WARN__DUPLICATE_METHOD_MATCH = YES;
				COPY_PHASE_STRIP = NO;
				DEBUG_INFORMATION_FORMAT = "dwarf-with-dsym";
				ENABLE_NS_ASSERTIONS = NO;
				ENABLE_STRICT_OBJC_MSGSEND = YES;
				GCC_C_LANGUAGE_STANDARD = gnu11;
				GCC_NO_COMMON_BLOCKS = YES;
				GCC_WARN_64_TO_32_BIT_CONVERSION = YES;
				GCC_WARN_ABOUT_RETURN_TYPE = YES_ERROR;
				GCC_WARN_UNDECLARED_SELECTOR = YES;
				GCC_WARN_UNINITIALIZED_AUTOS = YES_AGGRESSIVE;
				GCC_WARN_UNUSED_FUNCTION = YES;
				GCC_WARN_UNUSED_VARIABLE = YES;
				IPHONEOS_DEPLOYMENT_TARGET = 15.0;
				MTL_ENABLE_DEBUG_INFO = NO;
				MTL_FAST_MATH = YES;
				SDKROOT = iphoneos;
				SWIFT_COMPILATION_MODE = wholemodule;
				SWIFT_OPTIMIZATION_LEVEL = "-O";
				VALIDATE_PRODUCT = YES;
			};
			name = Release;
		};
		6D9A69C12818138600B4DE8A /* Debug */ = {
			isa = XCBuildConfiguration;
			buildSettings = {
				ASSETCATALOG_COMPILER_APPICON_NAME = AppIcon;
				ASSETCATALOG_COMPILER_GLOBAL_ACCENT_COLOR_NAME = AccentColor;
				CODE_SIGN_STYLE = Automatic;
				CURRENT_PROJECT_VERSION = 1;
				DEVELOPMENT_TEAM = JA7WM4DU9C;
				GENERATE_INFOPLIST_FILE = YES;
				INFOPLIST_FILE = "Photo Seach/Info.plist";
				INFOPLIST_KEY_UIApplicationSupportsIndirectInputEvents = YES;
				INFOPLIST_KEY_UILaunchStoryboardName = LaunchScreen;
				INFOPLIST_KEY_UIMainStoryboardFile = Main;
				INFOPLIST_KEY_UISupportedInterfaceOrientations_iPad = "UIInterfaceOrientationPortrait UIInterfaceOrientationPortraitUpsideDown UIInterfaceOrientationLandscapeLeft UIInterfaceOrientationLandscapeRight";
				INFOPLIST_KEY_UISupportedInterfaceOrientations_iPhone = "UIInterfaceOrientationPortrait UIInterfaceOrientationLandscapeLeft UIInterfaceOrientationLandscapeRight";
				LD_RUNPATH_SEARCH_PATHS = (
					"$(inherited)",
					"@executable_path/Frameworks",
				);
				MARKETING_VERSION = 1.0;
				PRODUCT_BUNDLE_IDENTIFIER = "com.oguz2935.Photo-Seach";
				PRODUCT_NAME = "$(TARGET_NAME)";
				SWIFT_EMIT_LOC_STRINGS = YES;
				SWIFT_VERSION = 5.0;
				TARGETED_DEVICE_FAMILY = "1,2";
			};
			name = Debug;
		};
		6D9A69C22818138600B4DE8A /* Release */ = {
			isa = XCBuildConfiguration;
			buildSettings = {
				ASSETCATALOG_COMPILER_APPICON_NAME = AppIcon;
				ASSETCATALOG_COMPILER_GLOBAL_ACCENT_COLOR_NAME = AccentColor;
				CODE_SIGN_STYLE = Automatic;
				CURRENT_PROJECT_VERSION = 1;
				DEVELOPMENT_TEAM = JA7WM4DU9C;
				GENERATE_INFOPLIST_FILE = YES;
				INFOPLIST_FILE = "Photo Seach/Info.plist";
				INFOPLIST_KEY_UIApplicationSupportsIndirectInputEvents = YES;
				INFOPLIST_KEY_UILaunchStoryboardName = LaunchScreen;
				INFOPLIST_KEY_UIMainStoryboardFile = Main;
				INFOPLIST_KEY_UISupportedInterfaceOrientations_iPad = "UIInterfaceOrientationPortrait UIInterfaceOrientationPortraitUpsideDown UIInterfaceOrientationLandscapeLeft UIInterfaceOrientationLandscapeRight";
				INFOPLIST_KEY_UISupportedInterfaceOrientations_iPhone = "UIInterfaceOrientationPortrait UIInterfaceOrientationLandscapeLeft UIInterfaceOrientationLandscapeRight";
				LD_RUNPATH_SEARCH_PATHS = (
					"$(inherited)",
					"@executable_path/Frameworks",
				);
				MARKETING_VERSION = 1.0;
				PRODUCT_BUNDLE_IDENTIFIER = "com.oguz2935.Photo-Seach";
				PRODUCT_NAME = "$(TARGET_NAME)";
				SWIFT_EMIT_LOC_STRINGS = YES;
				SWIFT_VERSION = 5.0;
				TARGETED_DEVICE_FAMILY = "1,2";
			};
			name = Release;
		};
/* End XCBuildConfiguration section */

/* Begin XCConfigurationList section */
		6D9A69A72818137B00B4DE8A /* Build configuration list for PBXProject "Photo Seach" */ = {
			isa = XCConfigurationList;
			buildConfigurations = (
				6D9A69BE2818138600B4DE8A /* Debug */,
				6D9A69BF2818138600B4DE8A /* Release */,
			);
			defaultConfigurationIsVisible = 0;
			defaultConfigurationName = Release;
		};
		6D9A69C02818138600B4DE8A /* Build configuration list for PBXNativeTarget "Photo Seach" */ = {
			isa = XCConfigurationList;
			buildConfigurations = (
				6D9A69C12818138600B4DE8A /* Debug */,
				6D9A69C22818138600B4DE8A /* Release */,
			);
			defaultConfigurationIsVisible = 0;
			defaultConfigurationName = Release;
		};
/* End XCConfigurationList section */
	};
	rootObject = 6D9A69A42818137B00B4DE8A /* Project object */;
}
